// !$*UTF8*$!
{
	archiveVersion = 1;
	classes = {
	};
	objectVersion = 48;
	objects = {

/* Begin PBXBuildFile section */
		5D145F73204B3D6600B5E461 /* sea.mp3 in Resources */ = {isa = PBXBuildFile; fileRef = 5D145F72204B3D6600B5E461 /* sea.mp3 */; };
		5D145F75204B3D7000B5E461 /* fire.mp3 in Resources */ = {isa = PBXBuildFile; fileRef = 5D145F74204B3D7000B5E461 /* fire.mp3 */; };
		5D145F77204B3D7E00B5E461 /* storm.mp3 in Resources */ = {isa = PBXBuildFile; fileRef = 5D145F76204B3D7E00B5E461 /* storm.mp3 */; };
		5D145F79204B3D8A00B5E461 /* moon.mp3 in Resources */ = {isa = PBXBuildFile; fileRef = 5D145F78204B3D8A00B5E461 /* moon.mp3 */; };
		5D15675A2046C1F300CBCA3C /* AppDelegate.swift in Sources */ = {isa = PBXBuildFile; fileRef = 5D1567592046C1F300CBCA3C /* AppDelegate.swift */; };
		5D1567612046C1F300CBCA3C /* Assets.xcassets in Resources */ = {isa = PBXBuildFile; fileRef = 5D1567602046C1F300CBCA3C /* Assets.xcassets */; };
		5D1567642046C1F300CBCA3C /* LaunchScreen.storyboard in Resources */ = {isa = PBXBuildFile; fileRef = 5D1567622046C1F300CBCA3C /* LaunchScreen.storyboard */; };
		5D15676C2046C25900CBCA3C /* MainViewController.swift in Sources */ = {isa = PBXBuildFile; fileRef = 5D15676B2046C25900CBCA3C /* MainViewController.swift */; };
		5D1567752046D87E00CBCA3C /* SoundCell.swift in Sources */ = {isa = PBXBuildFile; fileRef = 5D1567742046D87E00CBCA3C /* SoundCell.swift */; };
		5D7073E4204D4CEC00EC2AEF /* Protocols.swift in Sources */ = {isa = PBXBuildFile; fileRef = 5D7073E3204D4CEC00EC2AEF /* Protocols.swift */; };
		5D7073E6204D4D9100EC2AEF /* Sound.swift in Sources */ = {isa = PBXBuildFile; fileRef = 5D7073E5204D4D9100EC2AEF /* Sound.swift */; };
		5DA12BF4204801A800271B74 /* HeaderView.swift in Sources */ = {isa = PBXBuildFile; fileRef = 5DA12BF3204801A800271B74 /* HeaderView.swift */; };
		5DC4E86920495424009EBD01 /* rain.mp3 in Resources */ = {isa = PBXBuildFile; fileRef = 5DC4E86820495424009EBD01 /* rain.mp3 */; };
		5DF312E0204C1F0B00FDB1F2 /* FooterView.swift in Sources */ = {isa = PBXBuildFile; fileRef = 5DF312DF204C1F0B00FDB1F2 /* FooterView.swift */; };
/* End PBXBuildFile section */

/* Begin PBXFileReference section */
		5D145F72204B3D6600B5E461 /* sea.mp3 */ = {isa = PBXFileReference; lastKnownFileType = audio.mp3; path = sea.mp3; sourceTree = "<group>"; };
		5D145F74204B3D7000B5E461 /* fire.mp3 */ = {isa = PBXFileReference; lastKnownFileType = audio.mp3; path = fire.mp3; sourceTree = "<group>"; };
		5D145F76204B3D7E00B5E461 /* storm.mp3 */ = {isa = PBXFileReference; lastKnownFileType = audio.mp3; path = storm.mp3; sourceTree = "<group>"; };
		5D145F78204B3D8A00B5E461 /* moon.mp3 */ = {isa = PBXFileReference; lastKnownFileType = audio.mp3; path = moon.mp3; sourceTree = "<group>"; };
		5D1567562046C1F300CBCA3C /* NoisliApp.app */ = {isa = PBXFileReference; explicitFileType = wrapper.application; includeInIndex = 0; path = NoisliApp.app; sourceTree = BUILT_PRODUCTS_DIR; };
		5D1567592046C1F300CBCA3C /* AppDelegate.swift */ = {isa = PBXFileReference; lastKnownFileType = sourcecode.swift; path = AppDelegate.swift; sourceTree = "<group>"; };
		5D1567602046C1F300CBCA3C /* Assets.xcassets */ = {isa = PBXFileReference; lastKnownFileType = folder.assetcatalog; path = Assets.xcassets; sourceTree = "<group>"; };
		5D1567632046C1F300CBCA3C /* Base */ = {isa = PBXFileReference; lastKnownFileType = file.storyboard; name = Base; path = Base.lproj/LaunchScreen.storyboard; sourceTree = "<group>"; };
		5D1567652046C1F300CBCA3C /* Info.plist */ = {isa = PBXFileReference; lastKnownFileType = text.plist.xml; path = Info.plist; sourceTree = "<group>"; };
		5D15676B2046C25900CBCA3C /* MainViewController.swift */ = {isa = PBXFileReference; lastKnownFileType = sourcecode.swift; path = MainViewController.swift; sourceTree = "<group>"; };
		5D1567742046D87E00CBCA3C /* SoundCell.swift */ = {isa = PBXFileReference; lastKnownFileType = sourcecode.swift; path = SoundCell.swift; sourceTree = "<group>"; };
		5D7073E3204D4CEC00EC2AEF /* Protocols.swift */ = {isa = PBXFileReference; lastKnownFileType = sourcecode.swift; path = Protocols.swift; sourceTree = "<group>"; };
		5D7073E5204D4D9100EC2AEF /* Sound.swift */ = {isa = PBXFileReference; lastKnownFileType = sourcecode.swift; path = Sound.swift; sourceTree = "<group>"; };
		5DA12BF3204801A800271B74 /* HeaderView.swift */ = {isa = PBXFileReference; lastKnownFileType = sourcecode.swift; path = HeaderView.swift; sourceTree = "<group>"; };
		5DC4E86820495424009EBD01 /* rain.mp3 */ = {isa = PBXFileReference; lastKnownFileType = audio.mp3; path = rain.mp3; sourceTree = "<group>"; };
		5DF312DF204C1F0B00FDB1F2 /* FooterView.swift */ = {isa = PBXFileReference; lastKnownFileType = sourcecode.swift; path = FooterView.swift; sourceTree = "<group>"; };
/* End PBXFileReference section */

/* Begin PBXFrameworksBuildPhase section */
		5D1567532046C1F300CBCA3C /* Frameworks */ = {
			isa = PBXFrameworksBuildPhase;
			buildActionMask = 2147483647;
			files = (
			);
			runOnlyForDeploymentPostprocessing = 0;
		};
/* End PBXFrameworksBuildPhase section */

/* Begin PBXGroup section */
		5D15674D2046C1F300CBCA3C = {
			isa = PBXGroup;
			children = (
				5D1567582046C1F300CBCA3C /* NoisliApp */,
				5D1567572046C1F300CBCA3C /* Products */,
			);
			sourceTree = "<group>";
		};
		5D1567572046C1F300CBCA3C /* Products */ = {
			isa = PBXGroup;
			children = (
				5D1567562046C1F300CBCA3C /* NoisliApp.app */,
			);
			name = Products;
			sourceTree = "<group>";
		};
		5D1567582046C1F300CBCA3C /* NoisliApp */ = {
			isa = PBXGroup;
			children = (
				5D7073E2204D4CCD00EC2AEF /* Supporting Files */,
				5DC4E86720495416009EBD01 /* Sounds */,
				5D15676D2046C30700CBCA3C /* Model */,
				5D15676E2046C30D00CBCA3C /* View */,
				5D15676F2046C31100CBCA3C /* Controller */,
			);
			path = NoisliApp;
			sourceTree = "<group>";
		};
		5D15676D2046C30700CBCA3C /* Model */ = {
			isa = PBXGroup;
			children = (
				5D7073E5204D4D9100EC2AEF /* Sound.swift */,
			);
			path = Model;
			sourceTree = "<group>";
		};
		5D15676E2046C30D00CBCA3C /* View */ = {
			isa = PBXGroup;
			children = (
				5D1567742046D87E00CBCA3C /* SoundCell.swift */,
				5DA12BF3204801A800271B74 /* HeaderView.swift */,
				5DF312DF204C1F0B00FDB1F2 /* FooterView.swift */,
			);
			path = View;
			sourceTree = "<group>";
		};
		5D15676F2046C31100CBCA3C /* Controller */ = {
			isa = PBXGroup;
			children = (
				5D15676B2046C25900CBCA3C /* MainViewController.swift */,
			);
			path = Controller;
			sourceTree = "<group>";
		};
		5D7073E2204D4CCD00EC2AEF /* Supporting Files */ = {
			isa = PBXGroup;
			children = (
				5D1567592046C1F300CBCA3C /* AppDelegate.swift */,
				5D7073E3204D4CEC00EC2AEF /* Protocols.swift */,
				5D1567602046C1F300CBCA3C /* Assets.xcassets */,
				5D1567622046C1F300CBCA3C /* LaunchScreen.storyboard */,
				5D1567652046C1F300CBCA3C /* Info.plist */,
			);
			path = "Supporting Files";
			sourceTree = "<group>";
		};
		5DC4E86720495416009EBD01 /* Sounds */ = {
			isa = PBXGroup;
			children = (
				5DC4E86820495424009EBD01 /* rain.mp3 */,
				5D145F72204B3D6600B5E461 /* sea.mp3 */,
				5D145F74204B3D7000B5E461 /* fire.mp3 */,
				5D145F78204B3D8A00B5E461 /* moon.mp3 */,
				5D145F76204B3D7E00B5E461 /* storm.mp3 */,
			);
			path = Sounds;
			sourceTree = "<group>";
		};
/* End PBXGroup section */

/* Begin PBXNativeTarget section */
		5D1567552046C1F300CBCA3C /* NoisliApp */ = {
			isa = PBXNativeTarget;
			buildConfigurationList = 5D1567682046C1F300CBCA3C /* Build configuration list for PBXNativeTarget "NoisliApp" */;
			buildPhases = (
				5D1567522046C1F300CBCA3C /* Sources */,
				5D1567532046C1F300CBCA3C /* Frameworks */,
				5D1567542046C1F300CBCA3C /* Resources */,
			);
			buildRules = (
			);
			dependencies = (
			);
			name = NoisliApp;
			productName = NoisliApp;
			productReference = 5D1567562046C1F300CBCA3C /* NoisliApp.app */;
			productType = "com.apple.product-type.application";
		};
/* End PBXNativeTarget section */

/* Begin PBXProject section */
		5D15674E2046C1F300CBCA3C /* Project object */ = {
			isa = PBXProject;
			attributes = {
				LastSwiftUpdateCheck = 0920;
				LastUpgradeCheck = 0920;
				ORGANIZATIONNAME = "Алпамыс";
				TargetAttributes = {
					5D1567552046C1F300CBCA3C = {
						CreatedOnToolsVersion = 9.2;
						ProvisioningStyle = Automatic;
					};
				};
			};
			buildConfigurationList = 5D1567512046C1F300CBCA3C /* Build configuration list for PBXProject "NoisliApp" */;
			compatibilityVersion = "Xcode 8.0";
			developmentRegion = en;
			hasScannedForEncodings = 0;
			knownRegions = (
				en,
				Base,
			);
			mainGroup = 5D15674D2046C1F300CBCA3C;
			productRefGroup = 5D1567572046C1F300CBCA3C /* Products */;
			projectDirPath = "";
			projectRoot = "";
			targets = (
				5D1567552046C1F300CBCA3C /* NoisliApp */,
			);
		};
/* End PBXProject section */

/* Begin PBXResourcesBuildPhase section */
		5D1567542046C1F300CBCA3C /* Resources */ = {
			isa = PBXResourcesBuildPhase;
			buildActionMask = 2147483647;
			files = (
				5D145F73204B3D6600B5E461 /* sea.mp3 in Resources */,
				5D145F75204B3D7000B5E461 /* fire.mp3 in Resources */,
				5D1567642046C1F300CBCA3C /* LaunchScreen.storyboard in Resources */,
				5D1567612046C1F300CBCA3C /* Assets.xcassets in Resources */,
				5D145F77204B3D7E00B5E461 /* storm.mp3 in Resources */,
				5D145F79204B3D8A00B5E461 /* moon.mp3 in Resources */,
				5DC4E86920495424009EBD01 /* rain.mp3 in Resources */,
			);
			runOnlyForDeploymentPostprocessing = 0;
		};
/* End PBXResourcesBuildPhase section */

/* Begin PBXSourcesBuildPhase section */
		5D1567522046C1F300CBCA3C /* Sources */ = {
			isa = PBXSourcesBuildPhase;
			buildActionMask = 2147483647;
			files = (
				5D7073E6204D4D9100EC2AEF /* Sound.swift in Sources */,
				5D15675A2046C1F300CBCA3C /* AppDelegate.swift in Sources */,
				5D15676C2046C25900CBCA3C /* MainViewController.swift in Sources */,
				5D1567752046D87E00CBCA3C /* SoundCell.swift in Sources */,
				5D7073E4204D4CEC00EC2AEF /* Protocols.swift in Sources */,
				5DF312E0204C1F0B00FDB1F2 /* FooterView.swift in Sources */,
				5DA12BF4204801A800271B74 /* HeaderView.swift in Sources */,
			);
			runOnlyForDeploymentPostprocessing = 0;
		};
/* End PBXSourcesBuildPhase section */

/* Begin PBXVariantGroup section */
		5D1567622046C1F300CBCA3C /* LaunchScreen.storyboard */ = {
			isa = PBXVariantGroup;
			children = (
				5D1567632046C1F300CBCA3C /* Base */,
			);
			name = LaunchScreen.storyboard;
			sourceTree = "<group>";
		};
/* End PBXVariantGroup section */

/* Begin XCBuildConfiguration section */
		5D1567662046C1F300CBCA3C /* Debug */ = {
			isa = XCBuildConfiguration;
			buildSettings = {
				ALWAYS_SEARCH_USER_PATHS = NO;
				CLANG_ANALYZER_NONNULL = YES;
				CLANG_ANALYZER_NUMBER_OBJECT_CONVERSION = YES_AGGRESSIVE;
				CLANG_CXX_LANGUAGE_STANDARD = "gnu++14";
				CLANG_CXX_LIBRARY = "libc++";
				CLANG_ENABLE_MODULES = YES;
				CLANG_ENABLE_OBJC_ARC = YES;
				CLANG_WARN_BLOCK_CAPTURE_AUTORELEASING = YES;
				CLANG_WARN_BOOL_CONVERSION = YES;
				CLANG_WARN_COMMA = YES;
				CLANG_WARN_CONSTANT_CONVERSION = YES;
				CLANG_WARN_DIRECT_OBJC_ISA_USAGE = YES_ERROR;
				CLANG_WARN_DOCUMENTATION_COMMENTS = YES;
				CLANG_WARN_EMPTY_BODY = YES;
				CLANG_WARN_ENUM_CONVERSION = YES;
				CLANG_WARN_INFINITE_RECURSION = YES;
				CLANG_WARN_INT_CONVERSION = YES;
				CLANG_WARN_NON_LITERAL_NULL_CONVERSION = YES;
				CLANG_WARN_OBJC_LITERAL_CONVERSION = YES;
				CLANG_WARN_OBJC_ROOT_CLASS = YES_ERROR;
				CLANG_WARN_RANGE_LOOP_ANALYSIS = YES;
				CLANG_WARN_STRICT_PROTOTYPES = YES;
				CLANG_WARN_SUSPICIOUS_MOVE = YES;
				CLANG_WARN_UNGUARDED_AVAILABILITY = YES_AGGRESSIVE;
				CLANG_WARN_UNREACHABLE_CODE = YES;
				CLANG_WARN__DUPLICATE_METHOD_MATCH = YES;
				CODE_SIGN_IDENTITY = "iPhone Developer";
				COPY_PHASE_STRIP = NO;
				DEBUG_INFORMATION_FORMAT = dwarf;
				ENABLE_STRICT_OBJC_MSGSEND = YES;
				ENABLE_TESTABILITY = YES;
				GCC_C_LANGUAGE_STANDARD = gnu11;
				GCC_DYNAMIC_NO_PIC = NO;
				GCC_NO_COMMON_BLOCKS = YES;
				GCC_OPTIMIZATION_LEVEL = 0;
				GCC_PREPROCESSOR_DEFINITIONS = (
					"DEBUG=1",
					"$(inherited)",
				);
				GCC_WARN_64_TO_32_BIT_CONVERSION = YES;
				GCC_WARN_ABOUT_RETURN_TYPE = YES_ERROR;
				GCC_WARN_UNDECLARED_SELECTOR = YES;
				GCC_WARN_UNINITIALIZED_AUTOS = YES_AGGRESSIVE;
				GCC_WARN_UNUSED_FUNCTION = YES;
				GCC_WARN_UNUSED_VARIABLE = YES;
				IPHONEOS_DEPLOYMENT_TARGET = 11.2;
				MTL_ENABLE_DEBUG_INFO = YES;
				ONLY_ACTIVE_ARCH = YES;
				SDKROOT = iphoneos;
				SWIFT_ACTIVE_COMPILATION_CONDITIONS = DEBUG;
				SWIFT_OPTIMIZATION_LEVEL = "-Onone";
			};
			name = Debug;
		};
		5D1567672046C1F300CBCA3C /* Release */ = {
			isa = XCBuildConfiguration;
			buildSettings = {
				ALWAYS_SEARCH_USER_PATHS = NO;
				CLANG_ANALYZER_NONNULL = YES;
				CLANG_ANALYZER_NUMBER_OBJECT_CONVERSION = YES_AGGRESSIVE;
				CLANG_CXX_LANGUAGE_STANDARD = "gnu++14";
				CLANG_CXX_LIBRARY = "libc++";
				CLANG_ENABLE_MODULES = YES;
				CLANG_ENABLE_OBJC_ARC = YES;
				CLANG_WARN_BLOCK_CAPTURE_AUTORELEASING = YES;
				CLANG_WARN_BOOL_CONVERSION = YES;
				CLANG_WARN_COMMA = YES;
				CLANG_WARN_CONSTANT_CONVERSION = YES;
				CLANG_WARN_DIRECT_OBJC_ISA_USAGE = YES_ERROR;
				CLANG_WARN_DOCUMENTATION_COMMENTS = YES;
				CLANG_WARN_EMPTY_BODY = YES;
				CLANG_WARN_ENUM_CONVERSION = YES;
				CLANG_WARN_INFINITE_RECURSION = YES;
				CLANG_WARN_INT_CONVERSION = YES;
				CLANG_WARN_NON_LITERAL_NULL_CONVERSION = YES;
				CLANG_WARN_OBJC_LITERAL_CONVERSION = YES;
				CLANG_WARN_OBJC_ROOT_CLASS = YES_ERROR;
				CLANG_WARN_RANGE_LOOP_ANALYSIS = YES;
				CLANG_WARN_STRICT_PROTOTYPES = YES;
				CLANG_WARN_SUSPICIOUS_MOVE = YES;
				CLANG_WARN_UNGUARDED_AVAILABILITY = YES_AGGRESSIVE;
				CLANG_WARN_UNREACHABLE_CODE = YES;
				CLANG_WARN__DUPLICATE_METHOD_MATCH = YES;
				CODE_SIGN_IDENTITY = "iPhone Developer";
				COPY_PHASE_STRIP = NO;
				DEBUG_INFORMATION_FORMAT = "dwarf-with-dsym";
				ENABLE_NS_ASSERTIONS = NO;
				ENABLE_STRICT_OBJC_MSGSEND = YES;
				GCC_C_LANGUAGE_STANDARD = gnu11;
				GCC_NO_COMMON_BLOCKS = YES;
				GCC_WARN_64_TO_32_BIT_CONVERSION = YES;
				GCC_WARN_ABOUT_RETURN_TYPE = YES_ERROR;
				GCC_WARN_UNDECLARED_SELECTOR = YES;
				GCC_WARN_UNINITIALIZED_AUTOS = YES_AGGRESSIVE;
				GCC_WARN_UNUSED_FUNCTION = YES;
				GCC_WARN_UNUSED_VARIABLE = YES;
				IPHONEOS_DEPLOYMENT_TARGET = 11.2;
				MTL_ENABLE_DEBUG_INFO = NO;
				SDKROOT = iphoneos;
				SWIFT_OPTIMIZATION_LEVEL = "-Owholemodule";
				VALIDATE_PRODUCT = YES;
			};
			name = Release;
		};
		5D1567692046C1F300CBCA3C /* Debug */ = {
			isa = XCBuildConfiguration;
			buildSettings = {
				ASSETCATALOG_COMPILER_APPICON_NAME = AppIcon;
				CODE_SIGN_STYLE = Automatic;
				INFOPLIST_FILE = "NoisliApp/Supporting Files/Info.plist";
				LD_RUNPATH_SEARCH_PATHS = "$(inherited) @executable_path/Frameworks";
				PRODUCT_BUNDLE_IDENTIFIER = Alpamys.NoisliApp;
				PRODUCT_NAME = "$(TARGET_NAME)";
				SWIFT_VERSION = 4.0;
				TARGETED_DEVICE_FAMILY = "1,2";
			};
			name = Debug;
		};
		5D15676A2046C1F300CBCA3C /* Release */ = {
			isa = XCBuildConfiguration;
			buildSettings = {
				ASSETCATALOG_COMPILER_APPICON_NAME = AppIcon;
				CODE_SIGN_STYLE = Automatic;
				INFOPLIST_FILE = "NoisliApp/Supporting Files/Info.plist";
				LD_RUNPATH_SEARCH_PATHS = "$(inherited) @executable_path/Frameworks";
				PRODUCT_BUNDLE_IDENTIFIER = Alpamys.NoisliApp;
				PRODUCT_NAME = "$(TARGET_NAME)";
				SWIFT_VERSION = 4.0;
				TARGETED_DEVICE_FAMILY = "1,2";
			};
			name = Release;
		};
/* End XCBuildConfiguration section */

/* Begin XCConfigurationList section */
		5D1567512046C1F300CBCA3C /* Build configuration list for PBXProject "NoisliApp" */ = {
			isa = XCConfigurationList;
			buildConfigurations = (
				5D1567662046C1F300CBCA3C /* Debug */,
				5D1567672046C1F300CBCA3C /* Release */,
			);
			defaultConfigurationIsVisible = 0;
			defaultConfigurationName = Release;
		};
		5D1567682046C1F300CBCA3C /* Build configuration list for PBXNativeTarget "NoisliApp" */ = {
			isa = XCConfigurationList;
			buildConfigurations = (
				5D1567692046C1F300CBCA3C /* Debug */,
				5D15676A2046C1F300CBCA3C /* Release */,
			);
			defaultConfigurationIsVisible = 0;
			defaultConfigurationName = Release;
		};
/* End XCConfigurationList section */
	};
	rootObject = 5D15674E2046C1F300CBCA3C /* Project object */;
}
